
Microsoft Visual Studio Solution File, Format Version 12.00
# Visual Studio Version 16
VisualStudioVersion = 16.0.31321.278
MinimumVisualStudioVersion = 10.0.40219.1
Project("{FAE04EC0-301F-11D3-BF4B-00C04F79EFBC}") = "BolshayaPachka", "BolshayaPachka\BolshayaPachka.csproj", "{ED33D818-8690-4FB5-9FFA-A14481CB9251}"
EndProject
Global
	GlobalSection(SolutionConfigurationPlatforms) = preSolution
		Debug|Any CPU = Debug|Any CPU
		Release|Any CPU = Release|Any CPU
	EndGlobalSection
	GlobalSection(ProjectConfigurationPlatforms) = postSolution
		{ED33D818-8690-4FB5-9FFA-A14481CB9251}.Debug|Any CPU.ActiveCfg = Debug|Any CPU
		{ED33D818-8690-4FB5-9FFA-A14481CB9251}.Debug|Any CPU.Build.0 = Debug|Any CPU
		{ED33D818-8690-4FB5-9FFA-A14481CB9251}.Release|Any CPU.ActiveCfg = Release|Any CPU
		{ED33D818-8690-4FB5-9FFA-A14481CB9251}.Release|Any CPU.Build.0 = Release|Any CPU
	EndGlobalSection
	GlobalSection(SolutionProperties) = preSolution
		HideSolutionNode = FALSE
	EndGlobalSection
	GlobalSection(ExtensibilityGlobals) = postSolution
		SolutionGuid = {A2B6F39A-437C-4193-8140-A9E81E11DBE8}
	EndGlobalSection
EndGlobal
