
Microsoft Visual Studio Solution File, Format Version 12.00
# Visual Studio Version 16
VisualStudioVersion = 16.0.31321.278
MinimumVisualStudioVersion = 10.0.40219.1
Project("{FAE04EC0-301F-11D3-BF4B-00C04F79EFBC}") = "WSUniversalLib", "WSUniversalLib\WSUniversalLib.csproj", "{56CDDB9B-9A3F-4C50-A578-B6F14F56BE67}"
EndProject
Global
	GlobalSection(SolutionConfigurationPlatforms) = preSolution
		Debug|Any CPU = Debug|Any CPU
		Release|Any CPU = Release|Any CPU
	EndGlobalSection
	GlobalSection(ProjectConfigurationPlatforms) = postSolution
		{56CDDB9B-9A3F-4C50-A578-B6F14F56BE67}.Debug|Any CPU.ActiveCfg = Debug|Any CPU
		{56CDDB9B-9A3F-4C50-A578-B6F14F56BE67}.Debug|Any CPU.Build.0 = Debug|Any CPU
		{56CDDB9B-9A3F-4C50-A578-B6F14F56BE67}.Release|Any CPU.ActiveCfg = Release|Any CPU
		{56CDDB9B-9A3F-4C50-A578-B6F14F56BE67}.Release|Any CPU.Build.0 = Release|Any CPU
	EndGlobalSection
	GlobalSection(SolutionProperties) = preSolution
		HideSolutionNode = FALSE
	EndGlobalSection
	GlobalSection(ExtensibilityGlobals) = postSolution
		SolutionGuid = {2B29BDE2-7E11-4C58-AA9A-25462514C4FE}
	EndGlobalSection
EndGlobal
